
Microsoft Visual Studio Solution File, Format Version 12.00
# Visual Studio Version 17
VisualStudioVersion = 17.13.36105.23 d17.13
MinimumVisualStudioVersion = 10.0.40219.1
Project("{FAE04EC0-301F-11D3-BF4B-00C04F79EFBC}") = "Mozart.Encore", "Source\Mozart\Mozart.csproj", "{F4D73EA8-2503-4B2E-BA1C-6E57075F6778}"
EndProject
Project("{D954291E-2A0B-460D-934E-DC6B0785DB48}") = "Encore", "Source\Encore\Encore.shproj", "{79BBA56F-AADA-4F4A-B5CA-ADE62335CA18}"
EndProject
Project("{FAE04EC0-301F-11D3-BF4B-00C04F79EFBC}") = "Mozart.Migrations.Sqlite", "Source\Mozart.Migrations\Sqlite\Mozart.Migrations.Sqlite.csproj", "{9ABA341B-F982-4F23-8326-3A44D0EC2799}"
EndProject
Project("{FAE04EC0-301F-11D3-BF4B-00C04F79EFBC}") = "Mozart.Migrations.SqlServer", "Source\Mozart.Migrations\SqlServer\Mozart.Migrations.SqlServer.csproj", "{E8C6BF08-C511-49B2-A860-68D206542774}"
EndProject
Project("{FAE04EC0-301F-11D3-BF4B-00C04F79EFBC}") = "Mozart.Migrations.MySql", "Source\Mozart.Migrations\MySql\Mozart.Migrations.MySql.csproj", "{CC9CD365-FC7A-47F0-89D2-F06747FC17DE}"
EndProject
Project("{FAE04EC0-301F-11D3-BF4B-00C04F79EFBC}") = "Mozart.Migrations.Postgres", "Source\Mozart.Migrations\Postgres\Mozart.Migrations.Postgres.csproj", "{4D0D75E1-E4D4-4C1C-A2A7-09953033F286}"
EndProject
Project("{FAE04EC0-301F-11D3-BF4B-00C04F79EFBC}") = "Mozart.Server", "Source\Mozart.Server\Mozart.Server.csproj", "{8223593E-3ED9-467D-B6D7-0F34A493F074}"
EndProject
Project("{FAE04EC0-301F-11D3-BF4B-00C04F79EFBC}") = "Mozart.Data", "Source\Mozart.Data\Mozart.Data.csproj", "{88AD1B4F-B812-4376-9F94-D48735103DA6}"
EndProject
Project("{FAE04EC0-301F-11D3-BF4B-00C04F79EFBC}") = "Mozart.Web", "Source\Mozart.Web\Mozart.Web.csproj", "{6CFB7ECB-04E8-41C5-9864-24DC999A3E11}"
EndProject
Global
	GlobalSection(SolutionConfigurationPlatforms) = preSolution
		Debug|x86 = Debug|x86
		Release|x86 = Release|x86
		Release|x64 = Release|x64
	EndGlobalSection
	GlobalSection(ProjectConfigurationPlatforms) = postSolution
		{F4D73EA8-2503-4B2E-BA1C-6E57075F6778}.Debug|x86.ActiveCfg = Debug|x86
		{F4D73EA8-2503-4B2E-BA1C-6E57075F6778}.Debug|x86.Build.0 = Debug|x86
		{F4D73EA8-2503-4B2E-BA1C-6E57075F6778}.Release|x86.ActiveCfg = Release|x86
		{F4D73EA8-2503-4B2E-BA1C-6E57075F6778}.Release|x86.Build.0 = Release|x86
		{F4D73EA8-2503-4B2E-BA1C-6E57075F6778}.Release|x64.ActiveCfg = Release|x64
		{F4D73EA8-2503-4B2E-BA1C-6E57075F6778}.Release|x64.Build.0 = Release|x64
		{9ABA341B-F982-4F23-8326-3A44D0EC2799}.Debug|x86.ActiveCfg = Debug|x86
		{9ABA341B-F982-4F23-8326-3A44D0EC2799}.Debug|x86.Build.0 = Debug|x86
		{9ABA341B-F982-4F23-8326-3A44D0EC2799}.Release|x86.ActiveCfg = Release|x86
		{9ABA341B-F982-4F23-8326-3A44D0EC2799}.Release|x86.Build.0 = Release|x86
		{9ABA341B-F982-4F23-8326-3A44D0EC2799}.Release|x64.ActiveCfg = Release|x64
		{9ABA341B-F982-4F23-8326-3A44D0EC2799}.Release|x64.Build.0 = Release|x64
		{E8C6BF08-C511-49B2-A860-68D206542774}.Debug|x86.ActiveCfg = Debug|x86
		{E8C6BF08-C511-49B2-A860-68D206542774}.Debug|x86.Build.0 = Debug|x86
		{E8C6BF08-C511-49B2-A860-68D206542774}.Release|x86.ActiveCfg = Release|x86
		{E8C6BF08-C511-49B2-A860-68D206542774}.Release|x86.Build.0 = Release|x86
		{E8C6BF08-C511-49B2-A860-68D206542774}.Release|x64.ActiveCfg = Release|x64
		{E8C6BF08-C511-49B2-A860-68D206542774}.Release|x64.Build.0 = Release|x64
		{CC9CD365-FC7A-47F0-89D2-F06747FC17DE}.Debug|x86.ActiveCfg = Debug|x86
		{CC9CD365-FC7A-47F0-89D2-F06747FC17DE}.Debug|x86.Build.0 = Debug|x86
		{CC9CD365-FC7A-47F0-89D2-F06747FC17DE}.Release|x86.ActiveCfg = Release|x86
		{CC9CD365-FC7A-47F0-89D2-F06747FC17DE}.Release|x86.Build.0 = Release|x86
		{CC9CD365-FC7A-47F0-89D2-F06747FC17DE}.Release|x64.ActiveCfg = Release|x64
		{CC9CD365-FC7A-47F0-89D2-F06747FC17DE}.Release|x64.Build.0 = Release|x64
		{4D0D75E1-E4D4-4C1C-A2A7-09953033F286}.Debug|x86.ActiveCfg = Debug|x86
		{4D0D75E1-E4D4-4C1C-A2A7-09953033F286}.Debug|x86.Build.0 = Debug|x86
		{4D0D75E1-E4D4-4C1C-A2A7-09953033F286}.Release|x86.ActiveCfg = Release|x86
		{4D0D75E1-E4D4-4C1C-A2A7-09953033F286}.Release|x86.Build.0 = Release|x86
		{4D0D75E1-E4D4-4C1C-A2A7-09953033F286}.Release|x64.ActiveCfg = Release|x64
		{4D0D75E1-E4D4-4C1C-A2A7-09953033F286}.Release|x64.Build.0 = Release|x64
		{88AD1B4F-B812-4376-9F94-D48735103DA6}.Debug|x86.ActiveCfg = Debug|x86
		{88AD1B4F-B812-4376-9F94-D48735103DA6}.Debug|x86.Build.0 = Debug|x86
		{88AD1B4F-B812-4376-9F94-D48735103DA6}.Release|x86.ActiveCfg = Release|x86
		{88AD1B4F-B812-4376-9F94-D48735103DA6}.Release|x86.Build.0 = Release|x86
		{88AD1B4F-B812-4376-9F94-D48735103DA6}.Release|x64.ActiveCfg = Release|x64
		{88AD1B4F-B812-4376-9F94-D48735103DA6}.Release|x64.Build.0 = Release|x64
		{8223593E-3ED9-467D-B6D7-0F34A493F074}.Debug|x86.ActiveCfg = Debug|x86
		{8223593E-3ED9-467D-B6D7-0F34A493F074}.Debug|x86.Build.0 = Debug|x86
		{8223593E-3ED9-467D-B6D7-0F34A493F074}.Release|x86.ActiveCfg = Release|x86
		{8223593E-3ED9-467D-B6D7-0F34A493F074}.Release|x86.Build.0 = Release|x86
		{8223593E-3ED9-467D-B6D7-0F34A493F074}.Release|x64.ActiveCfg = Release|x64
		{8223593E-3ED9-467D-B6D7-0F34A493F074}.Release|x64.Build.0 = Release|x64
		{79BBA56F-AADA-4F4A-B5CA-ADE62335CA18}.Release|x64.ActiveCfg = Release|x64
		{79BBA56F-AADA-4F4A-B5CA-ADE62335CA18}.Release|x64.Build.0 = Release|x64
		{6CFB7ECB-04E8-41C5-9864-24DC999A3E11}.Debug|x86.ActiveCfg = Debug|Any CPU
		{6CFB7ECB-04E8-41C5-9864-24DC999A3E11}.Debug|x86.Build.0 = Debug|Any CPU
		{6CFB7ECB-04E8-41C5-9864-24DC999A3E11}.Release|x86.ActiveCfg = Release|Any CPU
		{6CFB7ECB-04E8-41C5-9864-24DC999A3E11}.Release|x86.Build.0 = Release|Any CPU
		{6CFB7ECB-04E8-41C5-9864-24DC999A3E11}.Release|x64.ActiveCfg = Release|Any CPU
		{6CFB7ECB-04E8-41C5-9864-24DC999A3E11}.Release|x64.Build.0 = Release|Any CPU
	EndGlobalSection
	GlobalSection(SolutionProperties) = preSolution
		HideSolutionNode = FALSE
	EndGlobalSection
	GlobalSection(SharedMSBuildProjectFiles) = preSolution
		Encore\Encore.projitems*{79bba56f-aada-4f4a-b5ca-ade62335ca18}*SharedItemsImports = 13
		Encore\Encore.projitems*{f4d73ea8-2503-4b2e-ba1c-6e57075f6778}*SharedItemsImports = 5
	EndGlobalSection
EndGlobal
